
Microsoft Visual Studio Solution File, Format Version 12.00
# Visual Studio Express 2012 for Windows Desktop
Project("{FAE04EC0-301F-11D3-BF4B-00C04F79EFBC}") = "Raceup Autocare", "Raceup Autocare\Raceup Autocare.csproj", "{EA41AD90-929F-47CE-93D5-C5F26248BE2C}"
EndProject
Global
	GlobalSection(SolutionConfigurationPlatforms) = preSolution
		Debug|Any CPU = Debug|Any CPU
		Release|Any CPU = Release|Any CPU
	EndGlobalSection
	GlobalSection(ProjectConfigurationPlatforms) = postSolution
		{EA41AD90-929F-47CE-93D5-C5F26248BE2C}.Debug|Any CPU.ActiveCfg = Debug|Any CPU
		{EA41AD90-929F-47CE-93D5-C5F26248BE2C}.Debug|Any CPU.Build.0 = Debug|Any CPU
		{EA41AD90-929F-47CE-93D5-C5F26248BE2C}.Release|Any CPU.ActiveCfg = Release|Any CPU
		{EA41AD90-929F-47CE-93D5-C5F26248BE2C}.Release|Any CPU.Build.0 = Release|Any CPU
	EndGlobalSection
	GlobalSection(SolutionProperties) = preSolution
		HideSolutionNode = FALSE
	EndGlobalSection
EndGlobal
